{
  "name": "@ccslabs/xtend",
  "version": "0.1.2",
  "lockfileVersion": 3,
  "requires": true,
  "packages": {
    "": {
      "name": "@ccslabs/xtend",
      "version": "0.1.2",
      "license": "Apache-2.0",
      "workspaces": [
        "xtendrmt",
        "fabric",
        "xtend-builder",
        "tools"
      ],
      "bin": {
        "xt": "xtend-builder/scaffold.js",
        "xtend": "xtend-builder/scaffold.js",
        "xtend-scaffold": "xtend-builder/scaffold.js"
      },
      "engines": {
        "node": ">=18"
      }
    },
    "fabric": {
      "name": "@ccslabs/xtend-fabric",
      "version": "0.1.2",
      "license": "Apache-2.0",
      "engines": {
        "node": ">=18"
      }
    },
    "node_modules/@ccslabs/xtend-cli": {
      "resolved": "xtend-builder",
      "link": true
    },
    "node_modules/@ccslabs/xtend-compiler": {
      "resolved": "tools",
      "link": true
    },
    "node_modules/@ccslabs/xtend-fabric": {
      "resolved": "fabric",
      "link": true
    },
    "node_modules/@ccslabs/xtend-rmt": {
      "resolved": "xtendrmt",
      "link": true
    },
    "tools": {
      "name": "@ccslabs/xtend-compiler",
      "version": "0.1.2",
      "license": "Apache-2.0",
      "bin": {
        "xtend-rmt-lint": "rmt-linter/cli.js"
      },
      "engines": {
        "node": ">=18"
      }
    },
    "xtend-builder": {
      "name": "@ccslabs/xtend-cli",
      "version": "0.1.2",
      "license": "Apache-2.0",
      "bin": {
        "xt": "scaffold.js",
        "xtend": "scaffold.js",
        "xtend-scaffold": "scaffold.js"
      },
      "engines": {
        "node": ">=18"
      },
      "peerDependencies": {
        "@ccslabs/xtend": "0.1.2",
        "@ccslabs/xtend-compiler": "0.1.2"
      },
      "peerDependenciesMeta": {
        "@ccslabs/xtend": {
          "optional": true
        },
        "@ccslabs/xtend-compiler": {
          "optional": true
        }
      }
    },
    "xtendrmt": {
      "name": "@ccslabs/xtend-rmt",
      "version": "0.1.2",
      "license": "Apache-2.0",
      "engines": {
        "node": ">=18"
      }
    }
  }
}
